
Microsoft Visual Studio Solution File, Format Version 12.00
Project("{FAE04EC0-301F-11D3-BF4B-00C04F79EFBC}") = "AuthorizationUserForm", "AuthorizationUserForm\AuthorizationUserForm.csproj", "{B59EF121-B375-4032-9855-89BAB9F6E0A3}"
EndProject
Project("{2150E333-8FDC-42A3-9474-1A3956D46DE8}") = "Domain", "Domain", "{235C24CF-AA3C-4579-8858-0A4C775406B8}"
EndProject
Project("{FAE04EC0-301F-11D3-BF4B-00C04F79EFBC}") = "AuthorizationUserForm.Domain", "AuthorizationUserForm.Domain\AuthorizationUserForm.Domain.csproj", "{63CF66E1-F7DA-452E-8146-88C8FABA7306}"
EndProject
Project("{2150E333-8FDC-42A3-9474-1A3956D46DE8}") = "DAL", "DAL", "{5F0399A2-615F-4C89-B1D7-616A86220F55}"
EndProject
Project("{FAE04EC0-301F-11D3-BF4B-00C04F79EFBC}") = "AuthorizationUserForm.DAL", "AuthorizationUserForm.DAL\AuthorizationUserForm.DAL.csproj", "{844E9009-3ACB-4B31-B0F3-A5F96F62EAE6}"
EndProject
Global
	GlobalSection(SolutionConfigurationPlatforms) = preSolution
		Debug|Any CPU = Debug|Any CPU
		Release|Any CPU = Release|Any CPU
	EndGlobalSection
	GlobalSection(ProjectConfigurationPlatforms) = postSolution
		{B59EF121-B375-4032-9855-89BAB9F6E0A3}.Debug|Any CPU.ActiveCfg = Debug|Any CPU
		{B59EF121-B375-4032-9855-89BAB9F6E0A3}.Debug|Any CPU.Build.0 = Debug|Any CPU
		{B59EF121-B375-4032-9855-89BAB9F6E0A3}.Release|Any CPU.ActiveCfg = Release|Any CPU
		{B59EF121-B375-4032-9855-89BAB9F6E0A3}.Release|Any CPU.Build.0 = Release|Any CPU
		{63CF66E1-F7DA-452E-8146-88C8FABA7306}.Debug|Any CPU.ActiveCfg = Debug|Any CPU
		{63CF66E1-F7DA-452E-8146-88C8FABA7306}.Debug|Any CPU.Build.0 = Debug|Any CPU
		{63CF66E1-F7DA-452E-8146-88C8FABA7306}.Release|Any CPU.ActiveCfg = Release|Any CPU
		{63CF66E1-F7DA-452E-8146-88C8FABA7306}.Release|Any CPU.Build.0 = Release|Any CPU
		{844E9009-3ACB-4B31-B0F3-A5F96F62EAE6}.Debug|Any CPU.ActiveCfg = Debug|Any CPU
		{844E9009-3ACB-4B31-B0F3-A5F96F62EAE6}.Debug|Any CPU.Build.0 = Debug|Any CPU
		{844E9009-3ACB-4B31-B0F3-A5F96F62EAE6}.Release|Any CPU.ActiveCfg = Release|Any CPU
		{844E9009-3ACB-4B31-B0F3-A5F96F62EAE6}.Release|Any CPU.Build.0 = Release|Any CPU
	EndGlobalSection
	GlobalSection(NestedProjects) = preSolution
		{63CF66E1-F7DA-452E-8146-88C8FABA7306} = {235C24CF-AA3C-4579-8858-0A4C775406B8}
		{844E9009-3ACB-4B31-B0F3-A5F96F62EAE6} = {5F0399A2-615F-4C89-B1D7-616A86220F55}
	EndGlobalSection
EndGlobal
